
Microsoft Visual Studio Solution File, Format Version 11.00
# Visual Studio 2010
Project("{FAE04EC0-301F-11D3-BF4B-00C04F79EFBC}") = "Assembly-CSharp-Editor", "Assembly-CSharp-Editor.csproj", "{ceab78f5-090f-402e-81a9-82212b95ca37}"
EndProject
Project("{FAE04EC0-301F-11D3-BF4B-00C04F79EFBC}") = "Assembly-CSharp", "Assembly-CSharp.csproj", "{a2eba7b6-c176-d0d3-cce8-ef9fbae2515c}"
EndProject
Global
	GlobalSection(SolutionConfigurationPlatforms) = preSolution
		Debug|Any CPU = Debug|Any CPU
	EndGlobalSection
	GlobalSection(ProjectConfigurationPlatforms) = postSolution
		{ceab78f5-090f-402e-81a9-82212b95ca37}.Debug|Any CPU.ActiveCfg = Debug|Any CPU
		{ceab78f5-090f-402e-81a9-82212b95ca37}.Debug|Any CPU.Build.0 = Debug|Any CPU
		{a2eba7b6-c176-d0d3-cce8-ef9fbae2515c}.Debug|Any CPU.ActiveCfg = Debug|Any CPU
		{a2eba7b6-c176-d0d3-cce8-ef9fbae2515c}.Debug|Any CPU.Build.0 = Debug|Any CPU
	EndGlobalSection
	GlobalSection(SolutionProperties) = preSolution
		HideSolutionNode = FALSE
	EndGlobalSection
EndGlobal
